{
  "name": "codekit-project",
  "version": "1.0.0",
  "lockfileVersion": 1,
  "requires": true,
  "dependencies": {
    "gsap": {
      "version": "file:gsap-bonus.tgz",
      "integrity": "sha512-CVBX/43jc5sUqDXSsrNSj/o8n4+H7oSX2CM9ktuf4QS1QKcXoGsSdqZnvAdgzUFfIKyvAPBI5o5WEd7r1fxXZg=="
    }
  }
}
